
Microsoft Visual Studio Solution File, Format Version 12.00
# Visual Studio Version 16
VisualStudioVersion = 16.0.29020.237
MinimumVisualStudioVersion = 10.0.40219.1
Project("{FAE04EC0-301F-11D3-BF4B-00C04F79EFBC}") = "Session6", "Session6\Session6.csproj", "{D3EEF81A-BCFD-4493-914D-266A888510A8}"
EndProject
Global
	GlobalSection(SolutionConfigurationPlatforms) = preSolution
		Debug|Any CPU = Debug|Any CPU
		Release|Any CPU = Release|Any CPU
	EndGlobalSection
	GlobalSection(ProjectConfigurationPlatforms) = postSolution
		{D3EEF81A-BCFD-4493-914D-266A888510A8}.Debug|Any CPU.ActiveCfg = Debug|Any CPU
		{D3EEF81A-BCFD-4493-914D-266A888510A8}.Debug|Any CPU.Build.0 = Debug|Any CPU
		{D3EEF81A-BCFD-4493-914D-266A888510A8}.Release|Any CPU.ActiveCfg = Release|Any CPU
		{D3EEF81A-BCFD-4493-914D-266A888510A8}.Release|Any CPU.Build.0 = Release|Any CPU
	EndGlobalSection
	GlobalSection(SolutionProperties) = preSolution
		HideSolutionNode = FALSE
	EndGlobalSection
	GlobalSection(ExtensibilityGlobals) = postSolution
		SolutionGuid = {1040F68A-45D1-41AD-BA7B-B8BC3659707B}
	EndGlobalSection
EndGlobal
